// !$*UTF8*$!
{
	archiveVersion = 1;
	classes = {
	};
	objectVersion = 48;
	objects = {

/* Begin PBXBuildFile section */
		82567413201B5B89002346AB /* AppDelegate.m in Sources */ = {isa = PBXBuildFile; fileRef = 82567412201B5B89002346AB /* AppDelegate.m */; };
		82567416201B5B89002346AB /* ViewController.m in Sources */ = {isa = PBXBuildFile; fileRef = 82567415201B5B89002346AB /* ViewController.m */; };
		82567419201B5B89002346AB /* Main.storyboard in Resources */ = {isa = PBXBuildFile; fileRef = 82567417201B5B89002346AB /* Main.storyboard */; };
		8256741B201B5B89002346AB /* Assets.xcassets in Resources */ = {isa = PBXBuildFile; fileRef = 8256741A201B5B89002346AB /* Assets.xcassets */; };
		8256741E201B5B89002346AB /* LaunchScreen.storyboard in Resources */ = {isa = PBXBuildFile; fileRef = 8256741C201B5B89002346AB /* LaunchScreen.storyboard */; };
		82567421201B5B89002346AB /* main.m in Sources */ = {isa = PBXBuildFile; fileRef = 82567420201B5B89002346AB /* main.m */; };
		82567429201B67B7002346AB /* PresentedViewController.m in Sources */ = {isa = PBXBuildFile; fileRef = 82567428201B67B7002346AB /* PresentedViewController.m */; };
/* End PBXBuildFile section */

/* Begin PBXFileReference section */
		8256740E201B5B89002346AB /* KEButtonAnimated.app */ = {isa = PBXFileReference; explicitFileType = wrapper.application; includeInIndex = 0; path = KEButtonAnimated.app; sourceTree = BUILT_PRODUCTS_DIR; };
		82567411201B5B89002346AB /* AppDelegate.h */ = {isa = PBXFileReference; lastKnownFileType = sourcecode.c.h; path = AppDelegate.h; sourceTree = "<group>"; };
		82567412201B5B89002346AB /* AppDelegate.m */ = {isa = PBXFileReference; lastKnownFileType = sourcecode.c.objc; path = AppDelegate.m; sourceTree = "<group>"; };
		82567414201B5B89002346AB /* ViewController.h */ = {isa = PBXFileReference; lastKnownFileType = sourcecode.c.h; path = ViewController.h; sourceTree = "<group>"; };
		82567415201B5B89002346AB /* ViewController.m */ = {isa = PBXFileReference; lastKnownFileType = sourcecode.c.objc; path = ViewController.m; sourceTree = "<group>"; };
		82567418201B5B89002346AB /* Base */ = {isa = PBXFileReference; lastKnownFileType = file.storyboard; name = Base; path = Base.lproj/Main.storyboard; sourceTree = "<group>"; };
		8256741A201B5B89002346AB /* Assets.xcassets */ = {isa = PBXFileReference; lastKnownFileType = folder.assetcatalog; path = Assets.xcassets; sourceTree = "<group>"; };
		8256741D201B5B89002346AB /* Base */ = {isa = PBXFileReference; lastKnownFileType = file.storyboard; name = Base; path = Base.lproj/LaunchScreen.storyboard; sourceTree = "<group>"; };
		8256741F201B5B89002346AB /* Info.plist */ = {isa = PBXFileReference; lastKnownFileType = text.plist.xml; path = Info.plist; sourceTree = "<group>"; };
		82567420201B5B89002346AB /* main.m */ = {isa = PBXFileReference; lastKnownFileType = sourcecode.c.objc; path = main.m; sourceTree = "<group>"; };
		82567427201B67B7002346AB /* PresentedViewController.h */ = {isa = PBXFileReference; lastKnownFileType = sourcecode.c.h; path = PresentedViewController.h; sourceTree = "<group>"; };
		82567428201B67B7002346AB /* PresentedViewController.m */ = {isa = PBXFileReference; lastKnownFileType = sourcecode.c.objc; path = PresentedViewController.m; sourceTree = "<group>"; };
/* End PBXFileReference section */

/* Begin PBXFrameworksBuildPhase section */
		8256740B201B5B89002346AB /* Frameworks */ = {
			isa = PBXFrameworksBuildPhase;
			buildActionMask = 2147483647;
			files = (
			);
			runOnlyForDeploymentPostprocessing = 0;
		};
/* End PBXFrameworksBuildPhase section */

/* Begin PBXGroup section */
		82567405201B5B89002346AB = {
			isa = PBXGroup;
			children = (
				82567410201B5B89002346AB /* KEButtonAnimated */,
				8256740F201B5B89002346AB /* Products */,
			);
			sourceTree = "<group>";
		};
		8256740F201B5B89002346AB /* Products */ = {
			isa = PBXGroup;
			children = (
				8256740E201B5B89002346AB /* KEButtonAnimated.app */,
			);
			name = Products;
			sourceTree = "<group>";
		};
		82567410201B5B89002346AB /* KEButtonAnimated */ = {
			isa = PBXGroup;
			children = (
				82567411201B5B89002346AB /* AppDelegate.h */,
				82567412201B5B89002346AB /* AppDelegate.m */,
				82567414201B5B89002346AB /* ViewController.h */,
				82567415201B5B89002346AB /* ViewController.m */,
				82567427201B67B7002346AB /* PresentedViewController.h */,
				82567428201B67B7002346AB /* PresentedViewController.m */,
				82567417201B5B89002346AB /* Main.storyboard */,
				8256741A201B5B89002346AB /* Assets.xcassets */,
				8256741C201B5B89002346AB /* LaunchScreen.storyboard */,
				8256741F201B5B89002346AB /* Info.plist */,
				82567420201B5B89002346AB /* main.m */,
			);
			path = KEButtonAnimated;
			sourceTree = "<group>";
		};
/* End PBXGroup section */

/* Begin PBXNativeTarget section */
		8256740D201B5B89002346AB /* KEButtonAnimated */ = {
			isa = PBXNativeTarget;
			buildConfigurationList = 82567424201B5B89002346AB /* Build configuration list for PBXNativeTarget "KEButtonAnimated" */;
			buildPhases = (
				8256740A201B5B89002346AB /* Sources */,
				8256740B201B5B89002346AB /* Frameworks */,
				8256740C201B5B89002346AB /* Resources */,
			);
			buildRules = (
			);
			dependencies = (
			);
			name = KEButtonAnimated;
			productName = KEButtonAnimated;
			productReference = 8256740E201B5B89002346AB /* KEButtonAnimated.app */;
			productType = "com.apple.product-type.application";
		};
/* End PBXNativeTarget section */

/* Begin PBXProject section */
		82567406201B5B89002346AB /* Project object */ = {
			isa = PBXProject;
			attributes = {
				LastUpgradeCheck = 0920;
				ORGANIZATIONNAME = "Kaan Esin";
				TargetAttributes = {
					8256740D201B5B89002346AB = {
						CreatedOnToolsVersion = 9.2;
						ProvisioningStyle = Automatic;
					};
				};
			};
			buildConfigurationList = 82567409201B5B89002346AB /* Build configuration list for PBXProject "KEButtonAnimated" */;
			compatibilityVersion = "Xcode 8.0";
			developmentRegion = en;
			hasScannedForEncodings = 0;
			knownRegions = (
				en,
				Base,
			);
			mainGroup = 82567405201B5B89002346AB;
			productRefGroup = 8256740F201B5B89002346AB /* Products */;
			projectDirPath = "";
			projectRoot = "";
			targets = (
				8256740D201B5B89002346AB /* KEButtonAnimated */,
			);
		};
/* End PBXProject section */

/* Begin PBXResourcesBuildPhase section */
		8256740C201B5B89002346AB /* Resources */ = {
			isa = PBXResourcesBuildPhase;
			buildActionMask = 2147483647;
			files = (
				8256741E201B5B89002346AB /* LaunchScreen.storyboard in Resources */,
				8256741B201B5B89002346AB /* Assets.xcassets in Resources */,
				82567419201B5B89002346AB /* Main.storyboard in Resources */,
			);
			runOnlyForDeploymentPostprocessing = 0;
		};
/* End PBXResourcesBuildPhase section */

/* Begin PBXSourcesBuildPhase section */
		8256740A201B5B89002346AB /* Sources */ = {
			isa = PBXSourcesBuildPhase;
			buildActionMask = 2147483647;
			files = (
				82567416201B5B89002346AB /* ViewController.m in Sources */,
				82567429201B67B7002346AB /* PresentedViewController.m in Sources */,
				82567421201B5B89002346AB /* main.m in Sources */,
				82567413201B5B89002346AB /* AppDelegate.m in Sources */,
			);
			runOnlyForDeploymentPostprocessing = 0;
		};
/* End PBXSourcesBuildPhase section */

/* Begin PBXVariantGroup section */
		82567417201B5B89002346AB /* Main.storyboard */ = {
			isa = PBXVariantGroup;
			children = (
				82567418201B5B89002346AB /* Base */,
			);
			name = Main.storyboard;
			sourceTree = "<group>";
		};
		8256741C201B5B89002346AB /* LaunchScreen.storyboard */ = {
			isa = PBXVariantGroup;
			children = (
				8256741D201B5B89002346AB /* Base */,
			);
			name = LaunchScreen.storyboard;
			sourceTree = "<group>";
		};
/* End PBXVariantGroup section */

/* Begin XCBuildConfiguration section */
		82567422201B5B89002346AB /* Debug */ = {
			isa = XCBuildConfiguration;
			buildSettings = {
				ALWAYS_SEARCH_USER_PATHS = NO;
				CLANG_ANALYZER_NONNULL = YES;
				CLANG_ANALYZER_NUMBER_OBJECT_CONVERSION = YES_AGGRESSIVE;
				CLANG_CXX_LANGUAGE_STANDARD = "gnu++14";
				CLANG_CXX_LIBRARY = "libc++";
				CLANG_ENABLE_MODULES = YES;
				CLANG_ENABLE_OBJC_ARC = YES;
				CLANG_WARN_BLOCK_CAPTURE_AUTORELEASING = YES;
				CLANG_WARN_BOOL_CONVERSION = YES;
				CLANG_WARN_COMMA = YES;
				CLANG_WARN_CONSTANT_CONVERSION = YES;
				CLANG_WARN_DIRECT_OBJC_ISA_USAGE = YES_ERROR;
				CLANG_WARN_DOCUMENTATION_COMMENTS = YES;
				CLANG_WARN_EMPTY_BODY = YES;
				CLANG_WARN_ENUM_CONVERSION = YES;
				CLANG_WARN_INFINITE_RECURSION = YES;
				CLANG_WARN_INT_CONVERSION = YES;
				CLANG_WARN_NON_LITERAL_NULL_CONVERSION = YES;
				CLANG_WARN_OBJC_LITERAL_CONVERSION = YES;
				CLANG_WARN_OBJC_ROOT_CLASS = YES_ERROR;
				CLANG_WARN_RANGE_LOOP_ANALYSIS = YES;
				CLANG_WARN_STRICT_PROTOTYPES = YES;
				CLANG_WARN_SUSPICIOUS_MOVE = YES;
				CLANG_WARN_UNGUARDED_AVAILABILITY = YES_AGGRESSIVE;
				CLANG_WARN_UNREACHABLE_CODE = YES;
				CLANG_WARN__DUPLICATE_METHOD_MATCH = YES;
				CODE_SIGN_IDENTITY = "iPhone Developer";
				COPY_PHASE_STRIP = NO;
				DEBUG_INFORMATION_FORMAT = dwarf;
				ENABLE_STRICT_OBJC_MSGSEND = YES;
				ENABLE_TESTABILITY = YES;
				GCC_C_LANGUAGE_STANDARD = gnu11;
				GCC_DYNAMIC_NO_PIC = NO;
				GCC_NO_COMMON_BLOCKS = YES;
				GCC_OPTIMIZATION_LEVEL = 0;
				GCC_PREPROCESSOR_DEFINITIONS = (
					"DEBUG=1",
					"$(inherited)",
				);
				GCC_WARN_64_TO_32_BIT_CONVERSION = YES;
				GCC_WARN_ABOUT_RETURN_TYPE = YES_ERROR;
				GCC_WARN_UNDECLARED_SELECTOR = YES;
				GCC_WARN_UNINITIALIZED_AUTOS = YES_AGGRESSIVE;
				GCC_WARN_UNUSED_FUNCTION = YES;
				GCC_WARN_UNUSED_VARIABLE = YES;
				IPHONEOS_DEPLOYMENT_TARGET = 11.2;
				MTL_ENABLE_DEBUG_INFO = YES;
				ONLY_ACTIVE_ARCH = YES;
				SDKROOT = iphoneos;
			};
			name = Debug;
		};
		82567423201B5B89002346AB /* Release */ = {
			isa = XCBuildConfiguration;
			buildSettings = {
				ALWAYS_SEARCH_USER_PATHS = NO;
				CLANG_ANALYZER_NONNULL = YES;
				CLANG_ANALYZER_NUMBER_OBJECT_CONVERSION = YES_AGGRESSIVE;
				CLANG_CXX_LANGUAGE_STANDARD = "gnu++14";
				CLANG_CXX_LIBRARY = "libc++";
				CLANG_ENABLE_MODULES = YES;
				CLANG_ENABLE_OBJC_ARC = YES;
				CLANG_WARN_BLOCK_CAPTURE_AUTORELEASING = YES;
				CLANG_WARN_BOOL_CONVERSION = YES;
				CLANG_WARN_COMMA = YES;
				CLANG_WARN_CONSTANT_CONVERSION = YES;
				CLANG_WARN_DIRECT_OBJC_ISA_USAGE = YES_ERROR;
				CLANG_WARN_DOCUMENTATION_COMMENTS = YES;
				CLANG_WARN_EMPTY_BODY = YES;
				CLANG_WARN_ENUM_CONVERSION = YES;
				CLANG_WARN_INFINITE_RECURSION = YES;
				CLANG_WARN_INT_CONVERSION = YES;
				CLANG_WARN_NON_LITERAL_NULL_CONVERSION = YES;
				CLANG_WARN_OBJC_LITERAL_CONVERSION = YES;
				CLANG_WARN_OBJC_ROOT_CLASS = YES_ERROR;
				CLANG_WARN_RANGE_LOOP_ANALYSIS = YES;
				CLANG_WARN_STRICT_PROTOTYPES = YES;
				CLANG_WARN_SUSPICIOUS_MOVE = YES;
				CLANG_WARN_UNGUARDED_AVAILABILITY = YES_AGGRESSIVE;
				CLANG_WARN_UNREACHABLE_CODE = YES;
				CLANG_WARN__DUPLICATE_METHOD_MATCH = YES;
				CODE_SIGN_IDENTITY = "iPhone Developer";
				COPY_PHASE_STRIP = NO;
				DEBUG_INFORMATION_FORMAT = "dwarf-with-dsym";
				ENABLE_NS_ASSERTIONS = NO;
				ENABLE_STRICT_OBJC_MSGSEND = YES;
				GCC_C_LANGUAGE_STANDARD = gnu11;
				GCC_NO_COMMON_BLOCKS = YES;
				GCC_WARN_64_TO_32_BIT_CONVERSION = YES;
				GCC_WARN_ABOUT_RETURN_TYPE = YES_ERROR;
				GCC_WARN_UNDECLARED_SELECTOR = YES;
				GCC_WARN_UNINITIALIZED_AUTOS = YES_AGGRESSIVE;
				GCC_WARN_UNUSED_FUNCTION = YES;
				GCC_WARN_UNUSED_VARIABLE = YES;
				IPHONEOS_DEPLOYMENT_TARGET = 11.2;
				MTL_ENABLE_DEBUG_INFO = NO;
				SDKROOT = iphoneos;
				VALIDATE_PRODUCT = YES;
			};
			name = Release;
		};
		82567425201B5B89002346AB /* Debug */ = {
			isa = XCBuildConfiguration;
			buildSettings = {
				ASSETCATALOG_COMPILER_APPICON_NAME = AppIcon;
				CODE_SIGN_STYLE = Automatic;
				INFOPLIST_FILE = KEButtonAnimated/Info.plist;
				LD_RUNPATH_SEARCH_PATHS = "$(inherited) @executable_path/Frameworks";
				PRODUCT_BUNDLE_IDENTIFIER = com.kesin.KEButtonAnimated;
				PRODUCT_NAME = "$(TARGET_NAME)";
				TARGETED_DEVICE_FAMILY = "1,2";
			};
			name = Debug;
		};
		82567426201B5B89002346AB /* Release */ = {
			isa = XCBuildConfiguration;
			buildSettings = {
				ASSETCATALOG_COMPILER_APPICON_NAME = AppIcon;
				CODE_SIGN_STYLE = Automatic;
				INFOPLIST_FILE = KEButtonAnimated/Info.plist;
				LD_RUNPATH_SEARCH_PATHS = "$(inherited) @executable_path/Frameworks";
				PRODUCT_BUNDLE_IDENTIFIER = com.kesin.KEButtonAnimated;
				PRODUCT_NAME = "$(TARGET_NAME)";
				TARGETED_DEVICE_FAMILY = "1,2";
			};
			name = Release;
		};
/* End XCBuildConfiguration section */

/* Begin XCConfigurationList section */
		82567409201B5B89002346AB /* Build configuration list for PBXProject "KEButtonAnimated" */ = {
			isa = XCConfigurationList;
			buildConfigurations = (
				82567422201B5B89002346AB /* Debug */,
				82567423201B5B89002346AB /* Release */,
			);
			defaultConfigurationIsVisible = 0;
			defaultConfigurationName = Release;
		};
		82567424201B5B89002346AB /* Build configuration list for PBXNativeTarget "KEButtonAnimated" */ = {
			isa = XCConfigurationList;
			buildConfigurations = (
				82567425201B5B89002346AB /* Debug */,
				82567426201B5B89002346AB /* Release */,
			);
			defaultConfigurationIsVisible = 0;
			defaultConfigurationName = Release;
		};
/* End XCConfigurationList section */
	};
	rootObject = 82567406201B5B89002346AB /* Project object */;
}
